Microsoft Visual Studio Solution File, Format Version 14.00
# Visual Studio 2015
Project("{FAE04EC0-301F-11D3-BF4B-00C04F79EFBC}") = "PrismOnDXDocking", "PrismOnDXDocking\PrismOnDXDocking.csproj", "{3CCE0859-E525-4761-8093-7FAE1EDE980F}"
EndProject
Project("{FAE04EC0-301F-11D3-BF4B-00C04F79EFBC}") = "PrismOnDXDocking.ExampleModule", "PrismOnDXDocking.ExampleModule\PrismOnDXDocking.ExampleModule.csproj", "{2B8119C2-5D5E-4D25-96DB-4ABD53D2F550}"
EndProject
Project("{FAE04EC0-301F-11D3-BF4B-00C04F79EFBC}") = "PrismOnDXDocking.Infrastructure", "PrismOnDXDocking.Infrastructure\PrismOnDXDocking.Infrastructure.csproj", "{11B2C54C-184D-49C8-81FE-AD4848696386}"
EndProject
Global
	GlobalSection(SolutionConfigurationPlatforms) = preSolution
		Debug|Any CPU = Debug|Any CPU
		Debug|Mixed Platforms = Debug|Mixed Platforms
		Debug|x86 = Debug|x86
		Release|Any CPU = Release|Any CPU
		Release|Mixed Platforms = Release|Mixed Platforms
		Release|x86 = Release|x86
	EndGlobalSection
	GlobalSection(ProjectConfigurationPlatforms) = postSolution
		{3CCE0859-E525-4761-8093-7FAE1EDE980F}.Debug|Any CPU.ActiveCfg = Debug|x86
		{3CCE0859-E525-4761-8093-7FAE1EDE980F}.Debug|Mixed Platforms.ActiveCfg = Debug|x86
		{3CCE0859-E525-4761-8093-7FAE1EDE980F}.Debug|Mixed Platforms.Build.0 = Debug|x86
		{3CCE0859-E525-4761-8093-7FAE1EDE980F}.Debug|x86.ActiveCfg = Debug|x86
		{3CCE0859-E525-4761-8093-7FAE1EDE980F}.Debug|x86.Build.0 = Debug|x86
		{3CCE0859-E525-4761-8093-7FAE1EDE980F}.Release|Any CPU.ActiveCfg = Release|x86
		{3CCE0859-E525-4761-8093-7FAE1EDE980F}.Release|Mixed Platforms.ActiveCfg = Release|x86
		{3CCE0859-E525-4761-8093-7FAE1EDE980F}.Release|Mixed Platforms.Build.0 = Release|x86
		{3CCE0859-E525-4761-8093-7FAE1EDE980F}.Release|x86.ActiveCfg = Release|x86
		{3CCE0859-E525-4761-8093-7FAE1EDE980F}.Release|x86.Build.0 = Release|x86
		{2B8119C2-5D5E-4D25-96DB-4ABD53D2F550}.Debug|Any CPU.ActiveCfg = Debug|Any CPU
		{2B8119C2-5D5E-4D25-96DB-4ABD53D2F550}.Debug|Any CPU.Build.0 = Debug|Any CPU
		{2B8119C2-5D5E-4D25-96DB-4ABD53D2F550}.Debug|Mixed Platforms.ActiveCfg = Debug|Any CPU
		{2B8119C2-5D5E-4D25-96DB-4ABD53D2F550}.Debug|Mixed Platforms.Build.0 = Debug|Any CPU
		{2B8119C2-5D5E-4D25-96DB-4ABD53D2F550}.Debug|x86.ActiveCfg = Debug|Any CPU
		{2B8119C2-5D5E-4D25-96DB-4ABD53D2F550}.Release|Any CPU.ActiveCfg = Release|Any CPU
		{2B8119C2-5D5E-4D25-96DB-4ABD53D2F550}.Release|Any CPU.Build.0 = Release|Any CPU
		{2B8119C2-5D5E-4D25-96DB-4ABD53D2F550}.Release|Mixed Platforms.ActiveCfg = Release|Any CPU
		{2B8119C2-5D5E-4D25-96DB-4ABD53D2F550}.Release|Mixed Platforms.Build.0 = Release|Any CPU
		{2B8119C2-5D5E-4D25-96DB-4ABD53D2F550}.Release|x86.ActiveCfg = Release|Any CPU
		{11B2C54C-184D-49C8-81FE-AD4848696386}.Debug|Any CPU.ActiveCfg = Debug|Any CPU
		{11B2C54C-184D-49C8-81FE-AD4848696386}.Debug|Any CPU.Build.0 = Debug|Any CPU
		{11B2C54C-184D-49C8-81FE-AD4848696386}.Debug|Mixed Platforms.ActiveCfg = Debug|Any CPU
		{11B2C54C-184D-49C8-81FE-AD4848696386}.Debug|Mixed Platforms.Build.0 = Debug|Any CPU
		{11B2C54C-184D-49C8-81FE-AD4848696386}.Debug|x86.ActiveCfg = Debug|Any CPU
		{11B2C54C-184D-49C8-81FE-AD4848696386}.Release|Any CPU.ActiveCfg = Release|Any CPU
		{11B2C54C-184D-49C8-81FE-AD4848696386}.Release|Any CPU.Build.0 = Release|Any CPU
		{11B2C54C-184D-49C8-81FE-AD4848696386}.Release|Mixed Platforms.ActiveCfg = Release|Any CPU
		{11B2C54C-184D-49C8-81FE-AD4848696386}.Release|Mixed Platforms.Build.0 = Release|Any CPU
		{11B2C54C-184D-49C8-81FE-AD4848696386}.Release|x86.ActiveCfg = Release|Any CPU
	EndGlobalSection
	GlobalSection(SolutionProperties) = preSolution
		HideSolutionNode = FALSE
	EndGlobalSection
EndGlobal
